
Microsoft Visual Studio Solution File, Format Version 12.00
# Visual Studio 2012
Project("{2150E333-8FDC-42A3-9474-1A3956D46DE8}") = "app (.NET)", "app (.NET)", "{DB90650F-66AA-4FB3-A577-BCC067D1D081}"
EndProject
Project("{2150E333-8FDC-42A3-9474-1A3956D46DE8}") = "app (Silverlight)", "app (Silverlight)", "{D38C8901-72EC-4751-AFA1-A9A54F0FFE6A}"
EndProject
Project("{2150E333-8FDC-42A3-9474-1A3956D46DE8}") = "test", "test", "{AC11ACF9-D74A-4817-9AA2-219DD380A33B}"
EndProject
Project("{FAE04EC0-301F-11D3-BF4B-00C04F79EFBC}") = "CHAOS.Portal.Client (.NET)", "src\app\CHAOS.Portal.Client (.NET)\CHAOS.Portal.Client (.NET).csproj", "{A1CC7EB5-49E3-4F21-BF5D-90CAAA881BD3}"
EndProject
Project("{FAE04EC0-301F-11D3-BF4B-00C04F79EFBC}") = "CHAOS.Portal.Client.Standard (.NET)", "src\app\CHAOS.Portal.Client.Standard (.NET)\CHAOS.Portal.Client.Standard (.NET).csproj", "{6C959A48-DA6E-4C73-8B3A-50D611413398}"
EndProject
Project("{FAE04EC0-301F-11D3-BF4B-00C04F79EFBC}") = "CHAOS.Portal.Client (Silverlight)", "src\app\CHAOS.Portal.Client (Silverlight)\CHAOS.Portal.Client (Silverlight).csproj", "{8F21C345-5FDB-40A8-BC48-599356AE02D1}"
EndProject
Project("{FAE04EC0-301F-11D3-BF4B-00C04F79EFBC}") = "CHAOS.Portal.Client.Standard (Silverlight)", "src\app\CHAOS.Portal.Client.Standard (Silverlight)\CHAOS.Portal.Client.Standard (Silverlight).csproj", "{836E4B8A-31AA-4C2A-AC2C-7F6ABA996043}"
EndProject
Project("{FAE04EC0-301F-11D3-BF4B-00C04F79EFBC}") = "CHAOS.Portal.Client.Module (.NET)", "src\app\CHAOS.Portal.Client.Module (.NET)\CHAOS.Portal.Client.Module (.NET).csproj", "{10F9252A-B320-4990-BD4B-EB708673D352}"
EndProject
Project("{FAE04EC0-301F-11D3-BF4B-00C04F79EFBC}") = "CHAOS.Portal.Client.Module (Silverlight)", "src\app\CHAOS.Portal.Client.Module (Silverlight)\CHAOS.Portal.Client.Module (Silverlight).csproj", "{E3C925F4-A680-40B4-83A4-609743A2FFD6}"
EndProject
Project("{FAE04EC0-301F-11D3-BF4B-00C04F79EFBC}") = "CHAOS.Portal.Client.Standard.Test (.NET)", "src\test\CHAOS.Portal.Client.Standard.Test (.NET)\CHAOS.Portal.Client.Standard.Test (.NET).csproj", "{C7FCA4E7-6452-4408-AF2A-62473D66F985}"
EndProject
Project("{FAE04EC0-301F-11D3-BF4B-00C04F79EFBC}") = "CHAOS.Portal.Client.Test (Silverlight)", "src\test\CHAOS.Portal.Client.Test (Silverlight)\CHAOS.Portal.Client.Test (Silverlight).csproj", "{1D46E6DF-FD18-476F-80D0-D38D9FB0AD6A}"
EndProject
Project("{FAE04EC0-301F-11D3-BF4B-00C04F79EFBC}") = "CHAOS.Portal.Client.Test.Web (Silverlight)", "src\test\CHAOS.Portal.Client.Test.Web (Silverlight)\CHAOS.Portal.Client.Test.Web (Silverlight).csproj", "{A297D0C9-A286-4DE9-95E0-36F595EE524B}"
EndProject
Project("{2150E333-8FDC-42A3-9474-1A3956D46DE8}") = "examples (.NET)", "examples (.NET)", "{87088BDD-838F-4434-B9A1-4D0695A9ABEC}"
EndProject
Project("{FAE04EC0-301F-11D3-BF4B-00C04F79EFBC}") = "CHAOS.Portal.Client.Examples (.NET)", "src\examples\CHAOS.Portal.Client.Examples (.NET)\CHAOS.Portal.Client.Examples (.NET).csproj", "{66BC2B2F-4429-4F78-B88C-6AF18EACCD5B}"
EndProject
Global
	GlobalSection(SolutionConfigurationPlatforms) = preSolution
		Debug|Any CPU = Debug|Any CPU
		Release|Any CPU = Release|Any CPU
	EndGlobalSection
	GlobalSection(ProjectConfigurationPlatforms) = postSolution
		{A1CC7EB5-49E3-4F21-BF5D-90CAAA881BD3}.Debug|Any CPU.ActiveCfg = Debug|Any CPU
		{A1CC7EB5-49E3-4F21-BF5D-90CAAA881BD3}.Debug|Any CPU.Build.0 = Debug|Any CPU
		{A1CC7EB5-49E3-4F21-BF5D-90CAAA881BD3}.Release|Any CPU.ActiveCfg = Release|Any CPU
		{A1CC7EB5-49E3-4F21-BF5D-90CAAA881BD3}.Release|Any CPU.Build.0 = Release|Any CPU
		{6C959A48-DA6E-4C73-8B3A-50D611413398}.Debug|Any CPU.ActiveCfg = Debug|Any CPU
		{6C959A48-DA6E-4C73-8B3A-50D611413398}.Debug|Any CPU.Build.0 = Debug|Any CPU
		{6C959A48-DA6E-4C73-8B3A-50D611413398}.Release|Any CPU.ActiveCfg = Release|Any CPU
		{6C959A48-DA6E-4C73-8B3A-50D611413398}.Release|Any CPU.Build.0 = Release|Any CPU
		{8F21C345-5FDB-40A8-BC48-599356AE02D1}.Debug|Any CPU.ActiveCfg = Debug|Any CPU
		{8F21C345-5FDB-40A8-BC48-599356AE02D1}.Debug|Any CPU.Build.0 = Debug|Any CPU
		{8F21C345-5FDB-40A8-BC48-599356AE02D1}.Release|Any CPU.ActiveCfg = Release|Any CPU
		{8F21C345-5FDB-40A8-BC48-599356AE02D1}.Release|Any CPU.Build.0 = Release|Any CPU
		{836E4B8A-31AA-4C2A-AC2C-7F6ABA996043}.Debug|Any CPU.ActiveCfg = Debug|Any CPU
		{836E4B8A-31AA-4C2A-AC2C-7F6ABA996043}.Debug|Any CPU.Build.0 = Debug|Any CPU
		{836E4B8A-31AA-4C2A-AC2C-7F6ABA996043}.Release|Any CPU.ActiveCfg = Release|Any CPU
		{836E4B8A-31AA-4C2A-AC2C-7F6ABA996043}.Release|Any CPU.Build.0 = Release|Any CPU
		{10F9252A-B320-4990-BD4B-EB708673D352}.Debug|Any CPU.ActiveCfg = Debug|Any CPU
		{10F9252A-B320-4990-BD4B-EB708673D352}.Debug|Any CPU.Build.0 = Debug|Any CPU
		{10F9252A-B320-4990-BD4B-EB708673D352}.Release|Any CPU.ActiveCfg = Release|Any CPU
		{10F9252A-B320-4990-BD4B-EB708673D352}.Release|Any CPU.Build.0 = Release|Any CPU
		{E3C925F4-A680-40B4-83A4-609743A2FFD6}.Debug|Any CPU.ActiveCfg = Debug|Any CPU
		{E3C925F4-A680-40B4-83A4-609743A2FFD6}.Debug|Any CPU.Build.0 = Debug|Any CPU
		{E3C925F4-A680-40B4-83A4-609743A2FFD6}.Release|Any CPU.ActiveCfg = Release|Any CPU
		{E3C925F4-A680-40B4-83A4-609743A2FFD6}.Release|Any CPU.Build.0 = Release|Any CPU
		{C7FCA4E7-6452-4408-AF2A-62473D66F985}.Debug|Any CPU.ActiveCfg = Debug|Any CPU
		{C7FCA4E7-6452-4408-AF2A-62473D66F985}.Debug|Any CPU.Build.0 = Debug|Any CPU
		{C7FCA4E7-6452-4408-AF2A-62473D66F985}.Release|Any CPU.ActiveCfg = Release|Any CPU
		{C7FCA4E7-6452-4408-AF2A-62473D66F985}.Release|Any CPU.Build.0 = Release|Any CPU
		{1D46E6DF-FD18-476F-80D0-D38D9FB0AD6A}.Debug|Any CPU.ActiveCfg = Debug|Any CPU
		{1D46E6DF-FD18-476F-80D0-D38D9FB0AD6A}.Debug|Any CPU.Build.0 = Debug|Any CPU
		{1D46E6DF-FD18-476F-80D0-D38D9FB0AD6A}.Release|Any CPU.ActiveCfg = Release|Any CPU
		{1D46E6DF-FD18-476F-80D0-D38D9FB0AD6A}.Release|Any CPU.Build.0 = Release|Any CPU
		{A297D0C9-A286-4DE9-95E0-36F595EE524B}.Debug|Any CPU.ActiveCfg = Debug|Any CPU
		{A297D0C9-A286-4DE9-95E0-36F595EE524B}.Debug|Any CPU.Build.0 = Debug|Any CPU
		{A297D0C9-A286-4DE9-95E0-36F595EE524B}.Release|Any CPU.ActiveCfg = Release|Any CPU
		{A297D0C9-A286-4DE9-95E0-36F595EE524B}.Release|Any CPU.Build.0 = Release|Any CPU
		{66BC2B2F-4429-4F78-B88C-6AF18EACCD5B}.Debug|Any CPU.ActiveCfg = Debug|Any CPU
		{66BC2B2F-4429-4F78-B88C-6AF18EACCD5B}.Debug|Any CPU.Build.0 = Debug|Any CPU
		{66BC2B2F-4429-4F78-B88C-6AF18EACCD5B}.Release|Any CPU.ActiveCfg = Release|Any CPU
		{66BC2B2F-4429-4F78-B88C-6AF18EACCD5B}.Release|Any CPU.Build.0 = Release|Any CPU
	EndGlobalSection
	GlobalSection(SolutionProperties) = preSolution
		HideSolutionNode = FALSE
	EndGlobalSection
	GlobalSection(NestedProjects) = preSolution
		{A1CC7EB5-49E3-4F21-BF5D-90CAAA881BD3} = {DB90650F-66AA-4FB3-A577-BCC067D1D081}
		{6C959A48-DA6E-4C73-8B3A-50D611413398} = {DB90650F-66AA-4FB3-A577-BCC067D1D081}
		{10F9252A-B320-4990-BD4B-EB708673D352} = {DB90650F-66AA-4FB3-A577-BCC067D1D081}
		{8F21C345-5FDB-40A8-BC48-599356AE02D1} = {D38C8901-72EC-4751-AFA1-A9A54F0FFE6A}
		{836E4B8A-31AA-4C2A-AC2C-7F6ABA996043} = {D38C8901-72EC-4751-AFA1-A9A54F0FFE6A}
		{E3C925F4-A680-40B4-83A4-609743A2FFD6} = {D38C8901-72EC-4751-AFA1-A9A54F0FFE6A}
		{C7FCA4E7-6452-4408-AF2A-62473D66F985} = {AC11ACF9-D74A-4817-9AA2-219DD380A33B}
		{1D46E6DF-FD18-476F-80D0-D38D9FB0AD6A} = {AC11ACF9-D74A-4817-9AA2-219DD380A33B}
		{A297D0C9-A286-4DE9-95E0-36F595EE524B} = {AC11ACF9-D74A-4817-9AA2-219DD380A33B}
		{66BC2B2F-4429-4F78-B88C-6AF18EACCD5B} = {87088BDD-838F-4434-B9A1-4D0695A9ABEC}
	EndGlobalSection
EndGlobal
